// !$*UTF8*$!
{
	archiveVersion = 1;
	classes = {
	};
	objectVersion = 42;
	objects = {

/* Begin PBXBuildFile section */
		3C3AF9CA0FC10CDF001240E9 /* menu.c in Sources */ = {isa = PBXBuildFile; fileRef = 3C3AF9C90FC10CDF001240E9 /* menu.c */; };
		3C3AF9D50FC10D85001240E9 /* libncurses.dylib in Frameworks */ = {isa = PBXBuildFile; fileRef = 3C3AF9D40FC10D85001240E9 /* libncurses.dylib */; };
		3CED87390FC0F581005ACB89 /* alloc.c in Sources */ = {isa = PBXBuildFile; fileRef = 3CDCEDC50902EA8200B2EF7E /* alloc.c */; };
		3CED873A0FC0F581005ACB89 /* atimer.c in Sources */ = {isa = PBXBuildFile; fileRef = 3CDCEDCD0902EA8200B2EF7E /* atimer.c */; };
		3CED873B0FC0F581005ACB89 /* buffer.c in Sources */ = {isa = PBXBuildFile; fileRef = 3CDCED8B0902EA8200B2EF7E /* buffer.c */; };
		3CED873C0FC0F581005ACB89 /* bytecode.c in Sources */ = {isa = PBXBuildFile; fileRef = 3CDCEDC60902EA8200B2EF7E /* bytecode.c */; };
		3CED873D0FC0F581005ACB89 /* callint.c in Sources */ = {isa = PBXBuildFile; fileRef = 3CDCEDB40902EA8200B2EF7E /* callint.c */; };
		3CED873E0FC0F581005ACB89 /* callproc.c in Sources */ = {isa = PBXBuildFile; fileRef = 3CDCEDC70902EA8200B2EF7E /* callproc.c */; };
		3CED873F0FC0F581005ACB89 /* casefiddle.c in Sources */ = {isa = PBXBuildFile; fileRef = 3CDCEDC90902EA8200B2EF7E /* casefiddle.c */; };
		3CED87400FC0F581005ACB89 /* casetab.c in Sources */ = {isa = PBXBuildFile; fileRef = 3CDCEDC10902EA8200B2EF7E /* casetab.c */; };
		3CED87410FC0F581005ACB89 /* category.c in Sources */ = {isa = PBXBuildFile; fileRef = 3CDCED7B0902EA8200B2EF7E /* category.c */; };
		3CED87420FC0F581005ACB89 /* ccl.c in Sources */ = {isa = PBXBuildFile; fileRef = 3CDCEDB60902EA8200B2EF7E /* ccl.c */; };
		3CED87430FC0F581005ACB89 /* character.c in Sources */ = {isa = PBXBuildFile; fileRef = 3CDCED8C0902EA8200B2EF7E /* character.c */; };
		3CED87440FC0F581005ACB89 /* charset.c in Sources */ = {isa = PBXBuildFile; fileRef = 3CDCEDC40902EA8200B2EF7E /* charset.c */; };
		3CED87450FC0F581005ACB89 /* chartab.c in Sources */ = {isa = PBXBuildFile; fileRef = 3CDCEDCC0902EA8200B2EF7E /* chartab.c */; };
		3CED87460FC0F581005ACB89 /* cm.c in Sources */ = {isa = PBXBuildFile; fileRef = 3CDCEDC80902EA8200B2EF7E /* cm.c */; };
		3CED87470FC0F581005ACB89 /* cmds.c in Sources */ = {isa = PBXBuildFile; fileRef = 3CDCED7A0902EA8200B2EF7E /* cmds.c */; };
		3CED87480FC0F581005ACB89 /* coding.c in Sources */ = {isa = PBXBuildFile; fileRef = 3CDCED7C0902EA8200B2EF7E /* coding.c */; };
		3CED87490FC0F581005ACB89 /* composite.c in Sources */ = {isa = PBXBuildFile; fileRef = 3CDCEDC20902EA8200B2EF7E /* composite.c */; };
		3CED874A0FC0F581005ACB89 /* data.c in Sources */ = {isa = PBXBuildFile; fileRef = 3CDCEDB30902EA8200B2EF7E /* data.c */; };
		3CED874B0FC0F581005ACB89 /* dired.c in Sources */ = {isa = PBXBuildFile; fileRef = 3CDCEDB20902EA8200B2EF7E /* dired.c */; };
		3CED874C0FC0F581005ACB89 /* dispnew.c in Sources */ = {isa = PBXBuildFile; fileRef = 3CDCEDC30902EA8200B2EF7E /* dispnew.c */; };
		3CED874D0FC0F581005ACB89 /* doc.c in Sources */ = {isa = PBXBuildFile; fileRef = 3CDCEDB10902EA8200B2EF7E /* doc.c */; };
		3CED874E0FC0F581005ACB89 /* doprnt.c in Sources */ = {isa = PBXBuildFile; fileRef = 3CDCEDB00902EA8200B2EF7E /* doprnt.c */; };
		3CED874F0FC0F581005ACB89 /* editfns.c in Sources */ = {isa = PBXBuildFile; fileRef = 3CDCEDBE0902EA8200B2EF7E /* editfns.c */; };
		3CED87500FC0F581005ACB89 /* emacs.c in Sources */ = {isa = PBXBuildFile; fileRef = 3CDCEDBD0902EA8200B2EF7E /* emacs.c */; };
		3CED87510FC0F581005ACB89 /* eval.c in Sources */ = {isa = PBXBuildFile; fileRef = 3CDCEDC00902EA8200B2EF7E /* eval.c */; };
		3CED87520FC0F581005ACB89 /* fileio.c in Sources */ = {isa = PBXBuildFile; fileRef = 3CDCEDBF0902EA8200B2EF7E /* fileio.c */; };
		3CED87530FC0F581005ACB89 /* filelock.c in Sources */ = {isa = PBXBuildFile; fileRef = 3CDCEDBC0902EA8200B2EF7E /* filelock.c */; };
		3CED87540FC0F581005ACB89 /* filemode.c in Sources */ = {isa = PBXBuildFile; fileRef = 3CDCEDBB0902EA8200B2EF7E /* filemode.c */; };
		3CED87550FC0F581005ACB89 /* floatfns.c in Sources */ = {isa = PBXBuildFile; fileRef = 3CDCEDB90902EA8200B2EF7E /* floatfns.c */; };
		3CED87560FC0F581005ACB89 /* fns.c in Sources */ = {isa = PBXBuildFile; fileRef = 3CDCEDB80902EA8200B2EF7E /* fns.c */; };
		3CED87570FC0F581005ACB89 /* font.c in Sources */ = {isa = PBXBuildFile; fileRef = 3C4D6D660DE50D2300B20D4E /* font.c */; };
		3CED87580FC0F581005ACB89 /* fontset.c in Sources */ = {isa = PBXBuildFile; fileRef = 3CDCEDB70902EA8200B2EF7E /* fontset.c */; };
		3CED87590FC0F581005ACB89 /* frame.c in Sources */ = {isa = PBXBuildFile; fileRef = 3CDCEDCB0902EA8200B2EF7E /* frame.c */; };
		3CED875A0FC0F581005ACB89 /* fringe.c in Sources */ = {isa = PBXBuildFile; fileRef = 3CDCEDCA0902EA8200B2EF7E /* fringe.c */; };
		3CED875B0FC0F581005ACB89 /* image.c in Sources */ = {isa = PBXBuildFile; fileRef = 3CDCED780902EA8200B2EF7E /* image.c */; };
		3CED875C0FC0F581005ACB89 /* indent.c in Sources */ = {isa = PBXBuildFile; fileRef = 3CDCED770902EA8200B2EF7E /* indent.c */; };
		3CED875D0FC0F581005ACB89 /* insdel.c in Sources */ = {isa = PBXBuildFile; fileRef = 3CDCED760902EA8200B2EF7E /* insdel.c */; };
		3CED875E0FC0F581005ACB89 /* intervals.c in Sources */ = {isa = PBXBuildFile; fileRef = 3CDCED750902EA8200B2EF7E /* intervals.c */; };
		3CED875F0FC0F581005ACB89 /* keyboard.c in Sources */ = {isa = PBXBuildFile; fileRef = 3CDCED740902EA8200B2EF7E /* keyboard.c */; };
		3CED87600FC0F581005ACB89 /* keymap.c in Sources */ = {isa = PBXBuildFile; fileRef = 3CDCED730902EA8100B2EF7E /* keymap.c */; };
		3CED87610FC0F581005ACB89 /* lastfile.c in Sources */ = {isa = PBXBuildFile; fileRef = 3CDCED720902EA8100B2EF7E /* lastfile.c */; };
		3CED87620FC0F581005ACB89 /* lread.c in Sources */ = {isa = PBXBuildFile; fileRef = 3CDCED710902EA8100B2EF7E /* lread.c */; };
		3CED87630FC0F581005ACB89 /* macros.c in Sources */ = {isa = PBXBuildFile; fileRef = 3CDCED6D0902EA8100B2EF7E /* macros.c */; };
		3CED87640FC0F581005ACB89 /* marker.c in Sources */ = {isa = PBXBuildFile; fileRef = 3CDCED690902EA8100B2EF7E /* marker.c */; };
		3CED87650FC0F581005ACB89 /* md5.c in Sources */ = {isa = PBXBuildFile; fileRef = 3CDCED680902EA8100B2EF7E /* md5.c */; };
		3CED87660FC0F581005ACB89 /* minibuf.c in Sources */ = {isa = PBXBuildFile; fileRef = 3CDCED670902EA8100B2EF7E /* minibuf.c */; };
		3CED87670FC0F581005ACB89 /* nsfns.m in Sources */ = {isa = PBXBuildFile; fileRef = 090AF67E00C61DCD7F000001 /* nsfns.m */; };
		3CED87680FC0F581005ACB89 /* nsfont.m in Sources */ = {isa = PBXBuildFile; fileRef = 3C4D6D710DE50D5D00B20D4E /* nsfont.m */; };
		3CED87690FC0F581005ACB89 /* nsimage.m in Sources */ = {isa = PBXBuildFile; fileRef = 3C15C1A70902D97100A8542F /* nsimage.m */; };
		3CED876A0FC0F581005ACB89 /* nsmenu.m in Sources */ = {isa = PBXBuildFile; fileRef = 090AF68000C61DCD7F000001 /* nsmenu.m */; };
		3CED876B0FC0F581005ACB89 /* nsselect.m in Sources */ = {isa = PBXBuildFile; fileRef = 090AF68100C61DCD7F000001 /* nsselect.m */; };
		3CED876C0FC0F581005ACB89 /* nsterm.m in Sources */ = {isa = PBXBuildFile; fileRef = 090AF68300C61DCD7F000001 /* nsterm.m */; };
		3CED876D0FC0F581005ACB89 /* pre-crt0.c in Sources */ = {isa = PBXBuildFile; fileRef = 3CDCED640902EA8100B2EF7E /* pre-crt0.c */; };
		3CED876E0FC0F581005ACB89 /* print.c in Sources */ = {isa = PBXBuildFile; fileRef = 3CDCED620902EA8100B2EF7E /* print.c */; };
		3CED876F0FC0F581005ACB89 /* process.c in Sources */ = {isa = PBXBuildFile; fileRef = 3CDCED610902EA8100B2EF7E /* process.c */; };
		3CED87700FC0F581005ACB89 /* regex.c in Sources */ = {isa = PBXBuildFile; fileRef = 3CDCED5F0902EA8100B2EF7E /* regex.c */; };
		3CED87710FC0F581005ACB89 /* region-cache.c in Sources */ = {isa = PBXBuildFile; fileRef = 3CDCED5E0902EA8100B2EF7E /* region-cache.c */; };
		3CED87720FC0F581005ACB89 /* scroll.c in Sources */ = {isa = PBXBuildFile; fileRef = 3CDCED5D0902EA8100B2EF7E /* scroll.c */; };
		3CED87730FC0F581005ACB89 /* search.c in Sources */ = {isa = PBXBuildFile; fileRef = 3CDCED5C0902EA8100B2EF7E /* search.c */; };
		3CED87740FC0F581005ACB89 /* sound.c in Sources */ = {isa = PBXBuildFile; fileRef = 3CDCED5A0902EA8100B2EF7E /* sound.c */; };
		3CED87750FC0F581005ACB89 /* strftime.c in Sources */ = {isa = PBXBuildFile; fileRef = 3CDCED590902EA8100B2EF7E /* strftime.c */; };
		3CED87760FC0F581005ACB89 /* syntax.c in Sources */ = {isa = PBXBuildFile; fileRef = 3CDCED570902EA8100B2EF7E /* syntax.c */; };
		3CED87770FC0F581005ACB89 /* sysdep.c in Sources */ = {isa = PBXBuildFile; fileRef = 3CDCED560902EA8100B2EF7E /* sysdep.c */; };
		3CED87780FC0F581005ACB89 /* term.c in Sources */ = {isa = PBXBuildFile; fileRef = 3CDCED550902EA8100B2EF7E /* term.c */; };
		3CED877A0FC0F581005ACB89 /* terminal.c in Sources */ = {isa = PBXBuildFile; fileRef = 3C4D6D690DE50D2300B20D4E /* terminal.c */; };
		3CED877B0FC0F581005ACB89 /* terminfo.c in Sources */ = {isa = PBXBuildFile; fileRef = 3CDCED950902EA8200B2EF7E /* terminfo.c */; };
		3CED877C0FC0F581005ACB89 /* textprop.c in Sources */ = {isa = PBXBuildFile; fileRef = 3CDCED940902EA8200B2EF7E /* textprop.c */; };
		3CED877E0FC0F581005ACB89 /* undo.c in Sources */ = {isa = PBXBuildFile; fileRef = 3CDCED920902EA8200B2EF7E /* undo.c */; };
		3CED877F0FC0F581005ACB89 /* unexmacosx.c in Sources */ = {isa = PBXBuildFile; fileRef = 3CDCED830902EA8200B2EF7E /* unexmacosx.c */; };
		3CED87800FC0F581005ACB89 /* window.c in Sources */ = {isa = PBXBuildFile; fileRef = 3CDCED9E0902EA8200B2EF7E /* window.c */; };
		3CED87810FC0F581005ACB89 /* xdisp.c in Sources */ = {isa = PBXBuildFile; fileRef = 3CDCED9D0902EA8200B2EF7E /* xdisp.c */; };
		3CED87820FC0F581005ACB89 /* xfaces.c in Sources */ = {isa = PBXBuildFile; fileRef = 3CDCED9C0902EA8200B2EF7E /* xfaces.c */; };
		3CED88190FC0F5B3005ACB89 /* AppKit.framework in Frameworks */ = {isa = PBXBuildFile; fileRef = 3CFDFC3A08E79A6800B05918 /* AppKit.framework */; };
/* End PBXBuildFile section */

/* Begin PBXContainerItemProxy section */
		3CED88220FC0FE5C005ACB89 /* PBXContainerItemProxy */ = {
			isa = PBXContainerItemProxy;
			containerPortal = 29B97313FDCFA39411CA2CEA /* Project object */;
			proxyType = 1;
			remoteGlobalIDString = 3CED87320FC0F557005ACB89;
			remoteInfo = temacs;
		};
/* End PBXContainerItemProxy section */

/* Begin PBXFileReference section */
		090AF67E00C61DCD7F000001 /* nsfns.m */ = {isa = PBXFileReference; fileEncoding = 30; lastKnownFileType = sourcecode.c.objc; name = nsfns.m; path = ../../src/nsfns.m; sourceTree = "<group>"; };
		090AF68000C61DCD7F000001 /* nsmenu.m */ = {isa = PBXFileReference; fileEncoding = 30; lastKnownFileType = sourcecode.c.objc; name = nsmenu.m; path = ../../src/nsmenu.m; sourceTree = "<group>"; };
		090AF68100C61DCD7F000001 /* nsselect.m */ = {isa = PBXFileReference; fileEncoding = 30; lastKnownFileType = sourcecode.c.objc; name = nsselect.m; path = ../../src/nsselect.m; sourceTree = "<group>"; };
		090AF68300C61DCD7F000001 /* nsterm.m */ = {isa = PBXFileReference; fileEncoding = 30; lastKnownFileType = sourcecode.c.objc; name = nsterm.m; path = ../../src/nsterm.m; sourceTree = "<group>"; };
		3C15C02F0902D89500A8542F /* termhooks.h */ = {isa = PBXFileReference; fileEncoding = 30; lastKnownFileType = sourcecode.c.h; name = termhooks.h; path = ../../src/termhooks.h; sourceTree = "<group>"; };
		3C15C0300902D89500A8542F /* termchar.h */ = {isa = PBXFileReference; fileEncoding = 30; lastKnownFileType = sourcecode.c.h; name = termchar.h; path = ../../src/termchar.h; sourceTree = "<group>"; };
		3C15C0330902D89500A8542F /* syswait.h */ = {isa = PBXFileReference; fileEncoding = 30; lastKnownFileType = sourcecode.c.h; name = syswait.h; path = ../../src/syswait.h; sourceTree = "<group>"; };
		3C15C0340902D89500A8542F /* systty.h */ = {isa = PBXFileReference; fileEncoding = 30; lastKnownFileType = sourcecode.c.h; name = systty.h; path = ../../src/systty.h; sourceTree = "<group>"; };
		3C15C0350902D89500A8542F /* systime.h */ = {isa = PBXFileReference; fileEncoding = 30; lastKnownFileType = sourcecode.c.h; name = systime.h; path = ../../src/systime.h; sourceTree = "<group>"; };
		3C15C0360902D89500A8542F /* syssignal.h */ = {isa = PBXFileReference; fileEncoding = 30; lastKnownFileType = sourcecode.c.h; name = syssignal.h; path = ../../src/syssignal.h; sourceTree = "<group>"; };
		3C15C0370902D89500A8542F /* sysselect.h */ = {isa = PBXFileReference; fileEncoding = 30; lastKnownFileType = sourcecode.c.h; name = sysselect.h; path = ../../src/sysselect.h; sourceTree = "<group>"; };
		3C15C0390902D89500A8542F /* syntax.h */ = {isa = PBXFileReference; fileEncoding = 30; lastKnownFileType = sourcecode.c.h; name = syntax.h; path = ../../src/syntax.h; sourceTree = "<group>"; };
		3C15C0410902D89500A8542F /* region-cache.h */ = {isa = PBXFileReference; fileEncoding = 30; lastKnownFileType = sourcecode.c.h; name = "region-cache.h"; path = "../../src/region-cache.h"; sourceTree = "<group>"; };
		3C15C0430902D89500A8542F /* regex.h */ = {isa = PBXFileReference; fileEncoding = 30; lastKnownFileType = sourcecode.c.h; name = regex.h; path = ../../src/regex.h; sourceTree = "<group>"; };
		3C15C0460902D89500A8542F /* puresize.h */ = {isa = PBXFileReference; fileEncoding = 30; lastKnownFileType = sourcecode.c.h; name = puresize.h; path = ../../src/puresize.h; sourceTree = "<group>"; };
		3C15C0470902D89500A8542F /* process.h */ = {isa = PBXFileReference; fileEncoding = 30; lastKnownFileType = sourcecode.c.h; name = process.h; path = ../../src/process.h; sourceTree = "<group>"; };
		3C15C04C0902D89500A8542F /* point.h */ = {isa = PBXFileReference; fileEncoding = 30; lastKnownFileType = sourcecode.c.h; name = point.h; path = ../../src/point.h; sourceTree = "<group>"; };
		3C15C04F0902D89500A8542F /* nsgui.h */ = {isa = PBXFileReference; fileEncoding = 30; lastKnownFileType = sourcecode.c.h; name = nsgui.h; path = ../../src/nsgui.h; sourceTree = "<group>"; };
		3C15C0500902D89500A8542F /* ndir.h */ = {isa = PBXFileReference; fileEncoding = 30; lastKnownFileType = sourcecode.c.h; name = ndir.h; path = ../../src/ndir.h; sourceTree = "<group>"; };
		3C15C0550902D89500A8542F /* mem-limits.h */ = {isa = PBXFileReference; fileEncoding = 30; lastKnownFileType = sourcecode.c.h; name = "mem-limits.h"; path = "../../src/mem-limits.h"; sourceTree = "<group>"; };
		3C15C0560902D89500A8542F /* md5.h */ = {isa = PBXFileReference; fileEncoding = 30; lastKnownFileType = sourcecode.c.h; name = md5.h; path = ../../src/md5.h; sourceTree = "<group>"; };
		3C15C05D0902D89500A8542F /* macros.h */ = {isa = PBXFileReference; fileEncoding = 30; lastKnownFileType = sourcecode.c.h; name = macros.h; path = ../../src/macros.h; sourceTree = "<group>"; };
		3C15C0660902D89500A8542F /* keymap.h */ = {isa = PBXFileReference; fileEncoding = 30; lastKnownFileType = sourcecode.c.h; name = keymap.h; path = ../../src/keymap.h; sourceTree = "<group>"; };
		3C15C0680902D89500A8542F /* keyboard.h */ = {isa = PBXFileReference; fileEncoding = 30; lastKnownFileType = sourcecode.c.h; name = keyboard.h; path = ../../src/keyboard.h; sourceTree = "<group>"; };
		3C15C06B0902D89500A8542F /* intervals.h */ = {isa = PBXFileReference; fileEncoding = 30; lastKnownFileType = sourcecode.c.h; name = intervals.h; path = ../../src/intervals.h; sourceTree = "<group>"; };
		3C15C06E0902D89500A8542F /* indent.h */ = {isa = PBXFileReference; fileEncoding = 30; lastKnownFileType = sourcecode.c.h; name = indent.h; path = ../../src/indent.h; sourceTree = "<group>"; };
		3C15C0760902D89500A8542F /* category.h */ = {isa = PBXFileReference; fileEncoding = 30; lastKnownFileType = sourcecode.c.h; name = category.h; path = ../../src/category.h; sourceTree = "<group>"; };
		3C15C0770902D89500A8542F /* coding.h */ = {isa = PBXFileReference; fileEncoding = 30; lastKnownFileType = sourcecode.c.h; name = coding.h; path = ../../src/coding.h; sourceTree = "<group>"; };
		3C15C0780902D89500A8542F /* buffer.h */ = {isa = PBXFileReference; fileEncoding = 30; lastKnownFileType = sourcecode.c.h; name = buffer.h; path = ../../src/buffer.h; sourceTree = "<group>"; };
		3C15C0890902D89500A8542F /* cm.h */ = {isa = PBXFileReference; fileEncoding = 30; lastKnownFileType = sourcecode.c.h; name = cm.h; path = ../../src/cm.h; sourceTree = "<group>"; };
		3C15C0950902D89500A8542F /* termopts.h */ = {isa = PBXFileReference; fileEncoding = 30; lastKnownFileType = sourcecode.c.h; name = termopts.h; path = ../../src/termopts.h; sourceTree = "<group>"; };
		3C15C0A00902D89500A8542F /* window.h */ = {isa = PBXFileReference; fileEncoding = 30; lastKnownFileType = sourcecode.c.h; name = window.h; path = ../../src/window.h; sourceTree = "<group>"; };
		3C15C0B80902D89500A8542F /* getpagesize.h */ = {isa = PBXFileReference; fileEncoding = 30; lastKnownFileType = sourcecode.c.h; name = getpagesize.h; path = ../../src/getpagesize.h; sourceTree = "<group>"; };
		3C15C0BF0902D89500A8542F /* disptab.h */ = {isa = PBXFileReference; fileEncoding = 30; lastKnownFileType = sourcecode.c.h; name = disptab.h; path = ../../src/disptab.h; sourceTree = "<group>"; };
		3C15C0C20902D89500A8542F /* epaths.h */ = {isa = PBXFileReference; fileEncoding = 30; lastKnownFileType = sourcecode.c.h; name = epaths.h; path = ../../src/epaths.h; sourceTree = "<group>"; };
		3C15C0C50902D89500A8542F /* ccl.h */ = {isa = PBXFileReference; fileEncoding = 30; lastKnownFileType = sourcecode.c.h; name = ccl.h; path = ../../src/ccl.h; sourceTree = "<group>"; };
		3C15C0C70902D89500A8542F /* composite.h */ = {isa = PBXFileReference; fileEncoding = 30; lastKnownFileType = sourcecode.c.h; name = composite.h; path = ../../src/composite.h; sourceTree = "<group>"; };
		3C15C0C80902D89500A8542F /* charset.h */ = {isa = PBXFileReference; fileEncoding = 30; lastKnownFileType = sourcecode.c.h; name = charset.h; path = ../../src/charset.h; sourceTree = "<group>"; };
		3C15C0C90902D89500A8542F /* fontset.h */ = {isa = PBXFileReference; fileEncoding = 30; lastKnownFileType = sourcecode.c.h; name = fontset.h; path = ../../src/fontset.h; sourceTree = "<group>"; };
		3C15C0D70902D89500A8542F /* commands.h */ = {isa = PBXFileReference; fileEncoding = 30; lastKnownFileType = sourcecode.c.h; name = commands.h; path = ../../src/commands.h; sourceTree = "<group>"; };
		3C15C0D90902D89500A8542F /* dispextern.h */ = {isa = PBXFileReference; fileEncoding = 30; lastKnownFileType = sourcecode.c.h; name = dispextern.h; path = ../../src/dispextern.h; sourceTree = "<group>"; };
		3C15C0DE0902D89500A8542F /* character.h */ = {isa = PBXFileReference; fileEncoding = 30; lastKnownFileType = sourcecode.c.h; name = character.h; path = ../../src/character.h; sourceTree = "<group>"; };
		3C15C0E40902D89500A8542F /* frame.h */ = {isa = PBXFileReference; fileEncoding = 30; lastKnownFileType = sourcecode.c.h; name = frame.h; path = ../../src/frame.h; sourceTree = "<group>"; };
		3C15C0E60902D89500A8542F /* atimer.h */ = {isa = PBXFileReference; fileEncoding = 30; lastKnownFileType = sourcecode.c.h; name = atimer.h; path = ../../src/atimer.h; sourceTree = "<group>"; };
		3C15C0E70902D89500A8542F /* blockinput.h */ = {isa = PBXFileReference; fileEncoding = 30; lastKnownFileType = sourcecode.c.h; name = blockinput.h; path = ../../src/blockinput.h; sourceTree = "<group>"; };
		3C15C1A70902D97100A8542F /* nsimage.m */ = {isa = PBXFileReference; fileEncoding = 30; lastKnownFileType = sourcecode.c.objc; name = nsimage.m; path = ../../src/nsimage.m; sourceTree = "<group>"; };
		3C3AF9C90FC10CDF001240E9 /* menu.c */ = {isa = PBXFileReference; fileEncoding = 4; lastKnownFileType = sourcecode.c.c; name = menu.c; path = ../../src/menu.c; sourceTree = SOURCE_ROOT; };
		3C3AF9D40FC10D85001240E9 /* libncurses.dylib */ = {isa = PBXFileReference; lastKnownFileType = "compiled.mach-o.dylib"; name = libncurses.dylib; path = /usr/lib/libncurses.dylib; sourceTree = "<absolute>"; };
		3C4D6D660DE50D2300B20D4E /* font.c */ = {isa = PBXFileReference; fileEncoding = 4; lastKnownFileType = sourcecode.c.c; name = font.c; path = ../../src/font.c; sourceTree = SOURCE_ROOT; };
		3C4D6D670DE50D2300B20D4E /* font.h */ = {isa = PBXFileReference; fileEncoding = 4; lastKnownFileType = sourcecode.c.h; name = font.h; path = ../../src/font.h; sourceTree = SOURCE_ROOT; };
		3C4D6D690DE50D2300B20D4E /* terminal.c */ = {isa = PBXFileReference; fileEncoding = 4; lastKnownFileType = sourcecode.c.c; name = terminal.c; path = ../../src/terminal.c; sourceTree = SOURCE_ROOT; };
		3C4D6D710DE50D5D00B20D4E /* nsfont.m */ = {isa = PBXFileReference; fileEncoding = 4; lastKnownFileType = sourcecode.c.objc; name = nsfont.m; path = ../../src/nsfont.m; sourceTree = SOURCE_ROOT; };
		3C7F3C3A07EB3B05003C8A4D /* nsterm.h */ = {isa = PBXFileReference; fileEncoding = 30; lastKnownFileType = sourcecode.c.h; name = nsterm.h; path = ../../src/nsterm.h; sourceTree = "<group>"; };
		3CB8E29D0E2CE73A003F3104 /* Emacs.icns */ = {isa = PBXFileReference; lastKnownFileType = image.icns; name = Emacs.icns; path = Emacs.base/Contents/Resources/Emacs.icns; sourceTree = "<group>"; };
		3CB8E29F0E2CE7F5003F3104 /* Credits.html */ = {isa = PBXFileReference; fileEncoding = 4; lastKnownFileType = text.html; name = Credits.html; path = Emacs.base/Contents/Resources/Credits.html; sourceTree = "<group>"; };
		3CB8E2A60E2CE856003F3104 /* English */ = {isa = PBXFileReference; fileEncoding = 4; lastKnownFileType = text.plist.strings; name = English; path = InfoPlist.strings; sourceTree = "<group>"; };
		3CC5434C07E2315800C271A9 /* Emacs.app */ = {isa = PBXFileReference; explicitFileType = wrapper.application; includeInIndex = 0; path = Emacs.app; sourceTree = BUILT_PRODUCTS_DIR; };
		3CDCED330902E99700B2EF7E /* config.h */ = {isa = PBXFileReference; fileEncoding = 30; lastKnownFileType = sourcecode.c.h; name = config.h; path = ../../src/config.h; sourceTree = "<group>"; };
		3CDCED550902EA8100B2EF7E /* term.c */ = {isa = PBXFileReference; fileEncoding = 30; lastKnownFileType = sourcecode.c.c; name = term.c; path = ../../src/term.c; sourceTree = "<group>"; };
		3CDCED560902EA8100B2EF7E /* sysdep.c */ = {isa = PBXFileReference; fileEncoding = 30; lastKnownFileType = sourcecode.c.c; name = sysdep.c; path = ../../src/sysdep.c; sourceTree = "<group>"; };
		3CDCED570902EA8100B2EF7E /* syntax.c */ = {isa = PBXFileReference; fileEncoding = 30; lastKnownFileType = sourcecode.c.c; name = syntax.c; path = ../../src/syntax.c; sourceTree = "<group>"; };
		3CDCED590902EA8100B2EF7E /* strftime.c */ = {isa = PBXFileReference; fileEncoding = 30; lastKnownFileType = sourcecode.c.c; name = strftime.c; path = ../../src/strftime.c; sourceTree = "<group>"; };
		3CDCED5A0902EA8100B2EF7E /* sound.c */ = {isa = PBXFileReference; fileEncoding = 30; lastKnownFileType = sourcecode.c.c; name = sound.c; path = ../../src/sound.c; sourceTree = "<group>"; };
		3CDCED5C0902EA8100B2EF7E /* search.c */ = {isa = PBXFileReference; fileEncoding = 30; lastKnownFileType = sourcecode.c.c; name = search.c; path = ../../src/search.c; sourceTree = "<group>"; };
		3CDCED5D0902EA8100B2EF7E /* scroll.c */ = {isa = PBXFileReference; fileEncoding = 30; lastKnownFileType = sourcecode.c.c; name = scroll.c; path = ../../src/scroll.c; sourceTree = "<group>"; };
		3CDCED5E0902EA8100B2EF7E /* region-cache.c */ = {isa = PBXFileReference; fileEncoding = 30; lastKnownFileType = sourcecode.c.c; name = "region-cache.c"; path = "../../src/region-cache.c"; sourceTree = "<group>"; };
		3CDCED5F0902EA8100B2EF7E /* regex.c */ = {isa = PBXFileReference; fileEncoding = 30; lastKnownFileType = sourcecode.c.c; name = regex.c; path = ../../src/regex.c; sourceTree = "<group>"; };
		3CDCED610902EA8100B2EF7E /* process.c */ = {isa = PBXFileReference; fileEncoding = 30; lastKnownFileType = sourcecode.c.c; name = process.c; path = ../../src/process.c; sourceTree = "<group>"; };
		3CDCED620902EA8100B2EF7E /* print.c */ = {isa = PBXFileReference; fileEncoding = 30; lastKnownFileType = sourcecode.c.c; name = print.c; path = ../../src/print.c; sourceTree = "<group>"; };
		3CDCED640902EA8100B2EF7E /* pre-crt0.c */ = {isa = PBXFileReference; fileEncoding = 30; lastKnownFileType = sourcecode.c.c; name = "pre-crt0.c"; path = "../../src/pre-crt0.c"; sourceTree = "<group>"; };
		3CDCED670902EA8100B2EF7E /* minibuf.c */ = {isa = PBXFileReference; fileEncoding = 30; lastKnownFileType = sourcecode.c.c; name = minibuf.c; path = ../../src/minibuf.c; sourceTree = "<group>"; };
		3CDCED680902EA8100B2EF7E /* md5.c */ = {isa = PBXFileReference; fileEncoding = 30; lastKnownFileType = sourcecode.c.c; name = md5.c; path = ../../src/md5.c; sourceTree = "<group>"; };
		3CDCED690902EA8100B2EF7E /* marker.c */ = {isa = PBXFileReference; fileEncoding = 30; lastKnownFileType = sourcecode.c.c; name = marker.c; path = ../../src/marker.c; sourceTree = "<group>"; };
		3CDCED6D0902EA8100B2EF7E /* macros.c */ = {isa = PBXFileReference; fileEncoding = 30; lastKnownFileType = sourcecode.c.c; name = macros.c; path = ../../src/macros.c; sourceTree = "<group>"; };
		3CDCED710902EA8100B2EF7E /* lread.c */ = {isa = PBXFileReference; fileEncoding = 30; lastKnownFileType = sourcecode.c.c; name = lread.c; path = ../../src/lread.c; sourceTree = "<group>"; };
		3CDCED720902EA8100B2EF7E /* lastfile.c */ = {isa = PBXFileReference; fileEncoding = 30; lastKnownFileType = sourcecode.c.c; name = lastfile.c; path = ../../src/lastfile.c; sourceTree = "<group>"; };
		3CDCED730902EA8100B2EF7E /* keymap.c */ = {isa = PBXFileReference; fileEncoding = 30; lastKnownFileType = sourcecode.c.c; name = keymap.c; path = ../../src/keymap.c; sourceTree = "<group>"; };
		3CDCED740902EA8200B2EF7E /* keyboard.c */ = {isa = PBXFileReference; fileEncoding = 30; lastKnownFileType = sourcecode.c.c; name = keyboard.c; path = ../../src/keyboard.c; sourceTree = "<group>"; };
		3CDCED750902EA8200B2EF7E /* intervals.c */ = {isa = PBXFileReference; fileEncoding = 30; lastKnownFileType = sourcecode.c.c; name = intervals.c; path = ../../src/intervals.c; sourceTree = "<group>"; };
		3CDCED760902EA8200B2EF7E /* insdel.c */ = {isa = PBXFileReference; fileEncoding = 30; lastKnownFileType = sourcecode.c.c; name = insdel.c; path = ../../src/insdel.c; sourceTree = "<group>"; };
		3CDCED770902EA8200B2EF7E /* indent.c */ = {isa = PBXFileReference; fileEncoding = 30; lastKnownFileType = sourcecode.c.c; name = indent.c; path = ../../src/indent.c; sourceTree = "<group>"; };
		3CDCED780902EA8200B2EF7E /* image.c */ = {isa = PBXFileReference; fileEncoding = 30; lastKnownFileType = sourcecode.c.c; name = image.c; path = ../../src/image.c; sourceTree = "<group>"; };
		3CDCED7A0902EA8200B2EF7E /* cmds.c */ = {isa = PBXFileReference; fileEncoding = 30; lastKnownFileType = sourcecode.c.c; name = cmds.c; path = ../../src/cmds.c; sourceTree = "<group>"; };
		3CDCED7B0902EA8200B2EF7E /* category.c */ = {isa = PBXFileReference; fileEncoding = 30; lastKnownFileType = sourcecode.c.c; name = category.c; path = ../../src/category.c; sourceTree = "<group>"; };
		3CDCED7C0902EA8200B2EF7E /* coding.c */ = {isa = PBXFileReference; fileEncoding = 30; lastKnownFileType = sourcecode.c.c; name = coding.c; path = ../../src/coding.c; sourceTree = "<group>"; };
		3CDCED830902EA8200B2EF7E /* unexmacosx.c */ = {isa = PBXFileReference; fileEncoding = 30; lastKnownFileType = sourcecode.c.c; name = unexmacosx.c; path = ../../src/unexmacosx.c; sourceTree = "<group>"; };
		3CDCED8B0902EA8200B2EF7E /* buffer.c */ = {isa = PBXFileReference; fileEncoding = 30; lastKnownFileType = sourcecode.c.c; name = buffer.c; path = ../../src/buffer.c; sourceTree = "<group>"; };
		3CDCED8C0902EA8200B2EF7E /* character.c */ = {isa = PBXFileReference; fileEncoding = 30; lastKnownFileType = sourcecode.c.c; name = character.c; path = ../../src/character.c; sourceTree = "<group>"; };
		3CDCED920902EA8200B2EF7E /* undo.c */ = {isa = PBXFileReference; fileEncoding = 30; lastKnownFileType = sourcecode.c.c; name = undo.c; path = ../../src/undo.c; sourceTree = "<group>"; };
		3CDCED940902EA8200B2EF7E /* textprop.c */ = {isa = PBXFileReference; fileEncoding = 30; lastKnownFileType = sourcecode.c.c; name = textprop.c; path = ../../src/textprop.c; sourceTree = "<group>"; };
		3CDCED950902EA8200B2EF7E /* terminfo.c */ = {isa = PBXFileReference; fileEncoding = 30; lastKnownFileType = sourcecode.c.c; name = terminfo.c; path = ../../src/terminfo.c; sourceTree = "<group>"; };
		3CDCED9C0902EA8200B2EF7E /* xfaces.c */ = {isa = PBXFileReference; fileEncoding = 30; lastKnownFileType = sourcecode.c.c; name = xfaces.c; path = ../../src/xfaces.c; sourceTree = "<group>"; };
		3CDCED9D0902EA8200B2EF7E /* xdisp.c */ = {isa = PBXFileReference; fileEncoding = 30; lastKnownFileType = sourcecode.c.c; name = xdisp.c; path = ../../src/xdisp.c; sourceTree = "<group>"; };
		3CDCED9E0902EA8200B2EF7E /* window.c */ = {isa = PBXFileReference; fileEncoding = 30; lastKnownFileType = sourcecode.c.c; name = window.c; path = ../../src/window.c; sourceTree = "<group>"; };
		3CDCEDB00902EA8200B2EF7E /* doprnt.c */ = {isa = PBXFileReference; fileEncoding = 30; lastKnownFileType = sourcecode.c.c; name = doprnt.c; path = ../../src/doprnt.c; sourceTree = "<group>"; };
		3CDCEDB10902EA8200B2EF7E /* doc.c */ = {isa = PBXFileReference; fileEncoding = 30; lastKnownFileType = sourcecode.c.c; name = doc.c; path = ../../src/doc.c; sourceTree = "<group>"; };
		3CDCEDB20902EA8200B2EF7E /* dired.c */ = {isa = PBXFileReference; fileEncoding = 30; lastKnownFileType = sourcecode.c.c; name = dired.c; path = ../../src/dired.c; sourceTree = "<group>"; };
		3CDCEDB30902EA8200B2EF7E /* data.c */ = {isa = PBXFileReference; fileEncoding = 30; lastKnownFileType = sourcecode.c.c; name = data.c; path = ../../src/data.c; sourceTree = "<group>"; };
		3CDCEDB40902EA8200B2EF7E /* callint.c */ = {isa = PBXFileReference; fileEncoding = 30; lastKnownFileType = sourcecode.c.c; name = callint.c; path = ../../src/callint.c; sourceTree = "<group>"; };
		3CDCEDB60902EA8200B2EF7E /* ccl.c */ = {isa = PBXFileReference; fileEncoding = 30; lastKnownFileType = sourcecode.c.c; name = ccl.c; path = ../../src/ccl.c; sourceTree = "<group>"; };
		3CDCEDB70902EA8200B2EF7E /* fontset.c */ = {isa = PBXFileReference; fileEncoding = 30; lastKnownFileType = sourcecode.c.c; name = fontset.c; path = ../../src/fontset.c; sourceTree = "<group>"; };
		3CDCEDB80902EA8200B2EF7E /* fns.c */ = {isa = PBXFileReference; fileEncoding = 30; lastKnownFileType = sourcecode.c.c; name = fns.c; path = ../../src/fns.c; sourceTree = "<group>"; };
		3CDCEDB90902EA8200B2EF7E /* floatfns.c */ = {isa = PBXFileReference; fileEncoding = 30; lastKnownFileType = sourcecode.c.c; name = floatfns.c; path = ../../src/floatfns.c; sourceTree = "<group>"; };
		3CDCEDBB0902EA8200B2EF7E /* filemode.c */ = {isa = PBXFileReference; fileEncoding = 30; lastKnownFileType = sourcecode.c.c; name = filemode.c; path = ../../src/filemode.c; sourceTree = "<group>"; };
		3CDCEDBC0902EA8200B2EF7E /* filelock.c */ = {isa = PBXFileReference; fileEncoding = 30; lastKnownFileType = sourcecode.c.c; name = filelock.c; path = ../../src/filelock.c; sourceTree = "<group>"; };
		3CDCEDBD0902EA8200B2EF7E /* emacs.c */ = {isa = PBXFileReference; fileEncoding = 30; lastKnownFileType = sourcecode.c.c; name = emacs.c; path = ../../src/emacs.c; sourceTree = "<group>"; };
		3CDCEDBE0902EA8200B2EF7E /* editfns.c */ = {isa = PBXFileReference; fileEncoding = 30; lastKnownFileType = sourcecode.c.c; name = editfns.c; path = ../../src/editfns.c; sourceTree = "<group>"; };
		3CDCEDBF0902EA8200B2EF7E /* fileio.c */ = {isa = PBXFileReference; fileEncoding = 30; lastKnownFileType = sourcecode.c.c; name = fileio.c; path = ../../src/fileio.c; sourceTree = "<group>"; };
		3CDCEDC00902EA8200B2EF7E /* eval.c */ = {isa = PBXFileReference; fileEncoding = 30; lastKnownFileType = sourcecode.c.c; name = eval.c; path = ../../src/eval.c; sourceTree = "<group>"; };
		3CDCEDC10902EA8200B2EF7E /* casetab.c */ = {isa = PBXFileReference; fileEncoding = 30; lastKnownFileType = sourcecode.c.c; name = casetab.c; path = ../../src/casetab.c; sourceTree = "<group>"; };
		3CDCEDC20902EA8200B2EF7E /* composite.c */ = {isa = PBXFileReference; fileEncoding = 30; lastKnownFileType = sourcecode.c.c; name = composite.c; path = ../../src/composite.c; sourceTree = "<group>"; };
		3CDCEDC30902EA8200B2EF7E /* dispnew.c */ = {isa = PBXFileReference; fileEncoding = 30; lastKnownFileType = sourcecode.c.c; name = dispnew.c; path = ../../src/dispnew.c; sourceTree = "<group>"; };
		3CDCEDC40902EA8200B2EF7E /* charset.c */ = {isa = PBXFileReference; fileEncoding = 30; lastKnownFileType = sourcecode.c.c; name = charset.c; path = ../../src/charset.c; sourceTree = "<group>"; };
		3CDCEDC50902EA8200B2EF7E /* alloc.c */ = {isa = PBXFileReference; fileEncoding = 30; lastKnownFileType = sourcecode.c.c; name = alloc.c; path = ../../src/alloc.c; sourceTree = "<group>"; };
		3CDCEDC60902EA8200B2EF7E /* bytecode.c */ = {isa = PBXFileReference; fileEncoding = 30; lastKnownFileType = sourcecode.c.c; name = bytecode.c; path = ../../src/bytecode.c; sourceTree = "<group>"; };
		3CDCEDC70902EA8200B2EF7E /* callproc.c */ = {isa = PBXFileReference; fileEncoding = 30; lastKnownFileType = sourcecode.c.c; name = callproc.c; path = ../../src/callproc.c; sourceTree = "<group>"; };
		3CDCEDC80902EA8200B2EF7E /* cm.c */ = {isa = PBXFileReference; fileEncoding = 30; lastKnownFileType = sourcecode.c.c; name = cm.c; path = ../../src/cm.c; sourceTree = "<group>"; };
		3CDCEDC90902EA8200B2EF7E /* casefiddle.c */ = {isa = PBXFileReference; fileEncoding = 30; lastKnownFileType = sourcecode.c.c; name = casefiddle.c; path = ../../src/casefiddle.c; sourceTree = "<group>"; };
		3CDCEDCA0902EA8200B2EF7E /* fringe.c */ = {isa = PBXFileReference; fileEncoding = 30; lastKnownFileType = sourcecode.c.c; name = fringe.c; path = ../../src/fringe.c; sourceTree = "<group>"; };
		3CDCEDCB0902EA8200B2EF7E /* frame.c */ = {isa = PBXFileReference; fileEncoding = 30; lastKnownFileType = sourcecode.c.c; name = frame.c; path = ../../src/frame.c; sourceTree = "<group>"; };
		3CDCEDCC0902EA8200B2EF7E /* chartab.c */ = {isa = PBXFileReference; fileEncoding = 30; lastKnownFileType = sourcecode.c.c; name = chartab.c; path = ../../src/chartab.c; sourceTree = "<group>"; };
		3CDCEDCD0902EA8200B2EF7E /* atimer.c */ = {isa = PBXFileReference; fileEncoding = 30; lastKnownFileType = sourcecode.c.c; name = atimer.c; path = ../../src/atimer.c; sourceTree = "<group>"; };
		3CED87260FBE696B005ACB89 /* lisp.h */ = {isa = PBXFileReference; fileEncoding = 4; lastKnownFileType = sourcecode.c.h; name = lisp.h; path = ../../src/lisp.h; sourceTree = SOURCE_ROOT; };
		3CED87280FBE6993005ACB89 /* menu.h */ = {isa = PBXFileReference; fileEncoding = 4; lastKnownFileType = sourcecode.c.h; name = menu.h; path = ../../src/menu.h; sourceTree = SOURCE_ROOT; };
		3CED87330FC0F557005ACB89 /* temacs */ = {isa = PBXFileReference; explicitFileType = "compiled.mach-o.executable"; includeInIndex = 0; path = temacs; sourceTree = BUILT_PRODUCTS_DIR; };
		3CFDFC3A08E79A6800B05918 /* AppKit.framework */ = {isa = PBXFileReference; lastKnownFileType = wrapper.framework; name = AppKit.framework; path = /Developer/SDKs/MacOSX10.3.9.sdk/System/Library/Frameworks/AppKit.framework; sourceTree = "<absolute>"; };
/* End PBXFileReference section */

/* Begin PBXFrameworksBuildPhase section */
		3CED87310FC0F557005ACB89 /* Frameworks */ = {
			isa = PBXFrameworksBuildPhase;
			buildActionMask = 2147483647;
			files = (
				3CED88190FC0F5B3005ACB89 /* AppKit.framework in Frameworks */,
				3C3AF9D50FC10D85001240E9 /* libncurses.dylib in Frameworks */,
			);
			runOnlyForDeploymentPostprocessing = 0;
		};
/* End PBXFrameworksBuildPhase section */

/* Begin PBXGroup section */
		19C28FACFE9D520D11CA2CBB /* Products */ = {
			isa = PBXGroup;
			children = (
				3CC5434C07E2315800C271A9 /* Emacs.app */,
				3CED87330FC0F557005ACB89 /* temacs */,
			);
			name = Products;
			sourceTree = "<group>";
		};
		289FC26B00C69A287F000001 /* NeXTstep */ = {
			isa = PBXGroup;
			children = (
				3C4D6D710DE50D5D00B20D4E /* nsfont.m */,
				3C15C1A70902D97100A8542F /* nsimage.m */,
				3C15C04F0902D89500A8542F /* nsgui.h */,
				3C7F3C3A07EB3B05003C8A4D /* nsterm.h */,
				090AF67E00C61DCD7F000001 /* nsfns.m */,
				090AF68000C61DCD7F000001 /* nsmenu.m */,
				090AF68100C61DCD7F000001 /* nsselect.m */,
				090AF68300C61DCD7F000001 /* nsterm.m */,
			);
			name = NeXTstep;
			sourceTree = "<group>";
		};
		29B97314FDCFA39411CA2CEA /* Emacs */ = {
			isa = PBXGroup;
			children = (
				289FC26B00C69A287F000001 /* NeXTstep */,
				3C15C23E0902E6B000A8542F /* emacs-hdr */,
				3CDCED4D0902EA6800B2EF7E /* emacs-src */,
				29B97317FDCFA39411CA2CEA /* Resources */,
				29B97323FDCFA39411CA2CEA /* Frameworks */,
				19C28FACFE9D520D11CA2CBB /* Products */,
			);
			name = Emacs;
			sourceTree = "<group>";
		};
		29B97317FDCFA39411CA2CEA /* Resources */ = {
			isa = PBXGroup;
			children = (
				3CB8E2A40E2CE856003F3104 /* English.lproj */,
				3CB8E29F0E2CE7F5003F3104 /* Credits.html */,
				739637F200C4DF3C7F000001 /* Images */,
			);
			name = Resources;
			sourceTree = "<group>";
		};
		29B97323FDCFA39411CA2CEA /* Frameworks */ = {
			isa = PBXGroup;
			children = (
				3C3AF9D40FC10D85001240E9 /* libncurses.dylib */,
				3CFDFC3A08E79A6800B05918 /* AppKit.framework */,
			);
			name = Frameworks;
			sourceTree = "<group>";
		};
		3C15C23E0902E6B000A8542F /* emacs-hdr */ = {
			isa = PBXGroup;
			children = (
				3CED87280FBE6993005ACB89 /* menu.h */,
				3CED87260FBE696B005ACB89 /* lisp.h */,
				3C4D6D670DE50D2300B20D4E /* font.h */,
				3C15C0E60902D89500A8542F /* atimer.h */,
				3C15C0E70902D89500A8542F /* blockinput.h */,
				3C15C0780902D89500A8542F /* buffer.h */,
				3C15C0760902D89500A8542F /* category.h */,
				3C15C0C50902D89500A8542F /* ccl.h */,
				3C15C0DE0902D89500A8542F /* character.h */,
				3C15C0C80902D89500A8542F /* charset.h */,
				3C15C0890902D89500A8542F /* cm.h */,
				3CDCED330902E99700B2EF7E /* config.h */,
				3C15C0770902D89500A8542F /* coding.h */,
				3C15C0D70902D89500A8542F /* commands.h */,
				3C15C0C70902D89500A8542F /* composite.h */,
				3C15C0D90902D89500A8542F /* dispextern.h */,
				3C15C0BF0902D89500A8542F /* disptab.h */,
				3C15C0C20902D89500A8542F /* epaths.h */,
				3C15C0C90902D89500A8542F /* fontset.h */,
				3C15C0E40902D89500A8542F /* frame.h */,
				3C15C0B80902D89500A8542F /* getpagesize.h */,
				3C15C06E0902D89500A8542F /* indent.h */,
				3C15C06B0902D89500A8542F /* intervals.h */,
				3C15C0660902D89500A8542F /* keymap.h */,
				3C15C0680902D89500A8542F /* keyboard.h */,
				3C15C05D0902D89500A8542F /* macros.h */,
				3C15C0560902D89500A8542F /* md5.h */,
				3C15C0550902D89500A8542F /* mem-limits.h */,
				3C15C0500902D89500A8542F /* ndir.h */,
				3C15C04C0902D89500A8542F /* point.h */,
				3C15C0470902D89500A8542F /* process.h */,
				3C15C0460902D89500A8542F /* puresize.h */,
				3C15C0430902D89500A8542F /* regex.h */,
				3C15C0410902D89500A8542F /* region-cache.h */,
				3C15C0390902D89500A8542F /* syntax.h */,
				3C15C0370902D89500A8542F /* sysselect.h */,
				3C15C0330902D89500A8542F /* syswait.h */,
				3C15C0360902D89500A8542F /* syssignal.h */,
				3C15C0350902D89500A8542F /* systime.h */,
				3C15C0340902D89500A8542F /* systty.h */,
				3C15C0300902D89500A8542F /* termchar.h */,
				3C15C02F0902D89500A8542F /* termhooks.h */,
				3C15C0950902D89500A8542F /* termopts.h */,
				3C15C0A00902D89500A8542F /* window.h */,
			);
			name = "emacs-hdr";
			sourceTree = "<group>";
		};
		3CB8E2A40E2CE856003F3104 /* English.lproj */ = {
			isa = PBXGroup;
			children = (
				3CB8E2A50E2CE856003F3104 /* InfoPlist.strings */,
			);
			name = English.lproj;
			path = Emacs.base/Contents/Resources/English.lproj;
			sourceTree = "<group>";
		};
		3CDCED4D0902EA6800B2EF7E /* emacs-src */ = {
			isa = PBXGroup;
			children = (
				3C3AF9C90FC10CDF001240E9 /* menu.c */,
				3C4D6D660DE50D2300B20D4E /* font.c */,
				3C4D6D690DE50D2300B20D4E /* terminal.c */,
				3CDCED550902EA8100B2EF7E /* term.c */,
				3CDCED560902EA8100B2EF7E /* sysdep.c */,
				3CDCED570902EA8100B2EF7E /* syntax.c */,
				3CDCED590902EA8100B2EF7E /* strftime.c */,
				3CDCED5A0902EA8100B2EF7E /* sound.c */,
				3CDCED5C0902EA8100B2EF7E /* search.c */,
				3CDCED5D0902EA8100B2EF7E /* scroll.c */,
				3CDCED5E0902EA8100B2EF7E /* region-cache.c */,
				3CDCED5F0902EA8100B2EF7E /* regex.c */,
				3CDCED610902EA8100B2EF7E /* process.c */,
				3CDCED620902EA8100B2EF7E /* print.c */,
				3CDCED640902EA8100B2EF7E /* pre-crt0.c */,
				3CDCED670902EA8100B2EF7E /* minibuf.c */,
				3CDCED680902EA8100B2EF7E /* md5.c */,
				3CDCED690902EA8100B2EF7E /* marker.c */,
				3CDCED6D0902EA8100B2EF7E /* macros.c */,
				3CDCED710902EA8100B2EF7E /* lread.c */,
				3CDCED720902EA8100B2EF7E /* lastfile.c */,
				3CDCED730902EA8100B2EF7E /* keymap.c */,
				3CDCED740902EA8200B2EF7E /* keyboard.c */,
				3CDCED750902EA8200B2EF7E /* intervals.c */,
				3CDCED760902EA8200B2EF7E /* insdel.c */,
				3CDCED770902EA8200B2EF7E /* indent.c */,
				3CDCED780902EA8200B2EF7E /* image.c */,
				3CDCED7A0902EA8200B2EF7E /* cmds.c */,
				3CDCED7B0902EA8200B2EF7E /* category.c */,
				3CDCED7C0902EA8200B2EF7E /* coding.c */,
				3CDCED830902EA8200B2EF7E /* unexmacosx.c */,
				3CDCED8B0902EA8200B2EF7E /* buffer.c */,
				3CDCED8C0902EA8200B2EF7E /* character.c */,
				3CDCED920902EA8200B2EF7E /* undo.c */,
				3CDCED940902EA8200B2EF7E /* textprop.c */,
				3CDCED950902EA8200B2EF7E /* terminfo.c */,
				3CDCED9C0902EA8200B2EF7E /* xfaces.c */,
				3CDCED9D0902EA8200B2EF7E /* xdisp.c */,
				3CDCED9E0902EA8200B2EF7E /* window.c */,
				3CDCEDB00902EA8200B2EF7E /* doprnt.c */,
				3CDCEDB10902EA8200B2EF7E /* doc.c */,
				3CDCEDB20902EA8200B2EF7E /* dired.c */,
				3CDCEDB30902EA8200B2EF7E /* data.c */,
				3CDCEDB40902EA8200B2EF7E /* callint.c */,
				3CDCEDB60902EA8200B2EF7E /* ccl.c */,
				3CDCEDB70902EA8200B2EF7E /* fontset.c */,
				3CDCEDB80902EA8200B2EF7E /* fns.c */,
				3CDCEDB90902EA8200B2EF7E /* floatfns.c */,
				3CDCEDBB0902EA8200B2EF7E /* filemode.c */,
				3CDCEDBC0902EA8200B2EF7E /* filelock.c */,
				3CDCEDBD0902EA8200B2EF7E /* emacs.c */,
				3CDCEDBE0902EA8200B2EF7E /* editfns.c */,
				3CDCEDBF0902EA8200B2EF7E /* fileio.c */,
				3CDCEDC00902EA8200B2EF7E /* eval.c */,
				3CDCEDC10902EA8200B2EF7E /* casetab.c */,
				3CDCEDC20902EA8200B2EF7E /* composite.c */,
				3CDCEDC30902EA8200B2EF7E /* dispnew.c */,
				3CDCEDC40902EA8200B2EF7E /* charset.c */,
				3CDCEDC50902EA8200B2EF7E /* alloc.c */,
				3CDCEDC60902EA8200B2EF7E /* bytecode.c */,
				3CDCEDC70902EA8200B2EF7E /* callproc.c */,
				3CDCEDC80902EA8200B2EF7E /* cm.c */,
				3CDCEDC90902EA8200B2EF7E /* casefiddle.c */,
				3CDCEDCA0902EA8200B2EF7E /* fringe.c */,
				3CDCEDCB0902EA8200B2EF7E /* frame.c */,
				3CDCEDCC0902EA8200B2EF7E /* chartab.c */,
				3CDCEDCD0902EA8200B2EF7E /* atimer.c */,
			);
			name = "emacs-src";
			sourceTree = "<group>";
		};
		739637F200C4DF3C7F000001 /* Images */ = {
			isa = PBXGroup;
			children = (
				3CB8E29D0E2CE73A003F3104 /* Emacs.icns */,
			);
			name = Images;
			sourceTree = "<group>";
		};
/* End PBXGroup section */

/* Begin PBXNativeTarget section */
		3CC542FE07E2315800C271A9 /* Emacs */ = {
			isa = PBXNativeTarget;
			buildConfigurationList = 3CA115970C825A540007AFC2 /* Build configuration list for PBXNativeTarget "Emacs" */;
			buildPhases = (
				3CED88240FC0FE7C005ACB89 /* ShellScript */,
				3CED883D0FC0FF6E005ACB89 /* ShellScript */,
			);
			buildRules = (
			);
			dependencies = (
				3CED88230FC0FE5C005ACB89 /* PBXTargetDependency */,
			);
			name = Emacs;
			productInstallPath = "$(HOME)/Applications";
			productName = Emacs;
			productReference = 3CC5434C07E2315800C271A9 /* Emacs.app */;
			productType = "com.apple.product-type.application";
		};
		3CED87320FC0F557005ACB89 /* temacs */ = {
			isa = PBXNativeTarget;
			buildConfigurationList = 3CED87350FC0F576005ACB89 /* Build configuration list for PBXNativeTarget "temacs" */;
			buildPhases = (
				3CED87300FC0F557005ACB89 /* Sources */,
				3CED87310FC0F557005ACB89 /* Frameworks */,
				3CED88460FC100EC005ACB89 /* ShellScript */,
			);
			buildRules = (
			);
			dependencies = (
			);
			name = temacs;
			productName = "emacs-bin";
			productReference = 3CED87330FC0F557005ACB89 /* temacs */;
			productType = "com.apple.product-type.tool";
		};
/* End PBXNativeTarget section */

/* Begin PBXProject section */
		29B97313FDCFA39411CA2CEA /* Project object */ = {
			isa = PBXProject;
			buildConfigurationList = 3CA1159B0C825A540007AFC2 /* Build configuration list for PBXProject "Emacs" */;
			hasScannedForEncodings = 1;
			mainGroup = 29B97314FDCFA39411CA2CEA /* Emacs */;
			projectDirPath = "";
			projectRoot = ../..;
			targets = (
				3CC542FE07E2315800C271A9 /* Emacs */,
				3CED87320FC0F557005ACB89 /* temacs */,
			);
		};
/* End PBXProject section */

/* Begin PBXShellScriptBuildPhase section */
		3CED88240FC0FE7C005ACB89 /* ShellScript */ = {
			isa = PBXShellScriptBuildPhase;
			buildActionMask = 2147483647;
			files = (
			);
			inputPaths = (
			);
			outputPaths = (
			);
			runOnlyForDeploymentPostprocessing = 0;
			shellPath = /bin/sh;
			shellScript = "# This script sets up the Emacs.app bundle by copying from Cocoa/Emacs.base,\n# and copying the binary emacs.  It runs the ns-app target in src/Makefile.\n# This depends on emacs target, so temacs resulting from previous step is\n# dumped into emacs.\n\ncd ../../src\n\nmake ns-app\n";
		};
		3CED883D0FC0FF6E005ACB89 /* ShellScript */ = {
			isa = PBXShellScriptBuildPhase;
			buildActionMask = 12;
			files = (
			);
			inputPaths = (
			);
			outputPaths = (
			);
			runOnlyForDeploymentPostprocessing = 0;
			shellPath = /bin/sh;
			shellScript = "# This script copies the lisp and other files into the bundle\n# (if self-contained configuration was selected at configure time),\n# or the install location (otherwise).\n\n# Xcode was supposed to make this check based on input/output files,\n# but it didn't work for some reason, so run every time and do it ourselves.\nif [ -x ../Emacs.app/Contents/Resources/lisp ]; then\n\texit\nfi\n\ncd ../..\nmake install\nln -sf $BUILD_ROOT/../../Emacs.app $BUILT_PRODUCTS_DIR/Emacs.app\n";
		};
		3CED88460FC100EC005ACB89 /* ShellScript */ = {
			isa = PBXShellScriptBuildPhase;
			buildActionMask = 2147483647;
			files = (
			);
			inputPaths = (
				"$(BUILT_PRODUCTS_DIR)/temacs",
			);
			outputPaths = (
				../../src/temacs,
			);
			runOnlyForDeploymentPostprocessing = 0;
			shellPath = /bin/sh;
			shellScript = "# Move the build results to emacs src dir so scripts in Emacs target invoking\n# make operations can use them.\n# *.o files included because make-docfile uses object files for some reason\n\ncp -f ${OBJECT_FILE_DIR_normal}/${NATIVE_ARCH_ACTUAL}/*.o ../../src\ncp -f ${BUILT_PRODUCTS_DIR}/temacs ../../src";
		};
/* End PBXShellScriptBuildPhase section */

/* Begin PBXSourcesBuildPhase section */
		3CED87300FC0F557005ACB89 /* Sources */ = {
			isa = PBXSourcesBuildPhase;
			buildActionMask = 2147483647;
			files = (
				3CED876D0FC0F581005ACB89 /* pre-crt0.c in Sources */,
				3CED87390FC0F581005ACB89 /* alloc.c in Sources */,
				3CED873A0FC0F581005ACB89 /* atimer.c in Sources */,
				3CED873B0FC0F581005ACB89 /* buffer.c in Sources */,
				3CED873C0FC0F581005ACB89 /* bytecode.c in Sources */,
				3CED873D0FC0F581005ACB89 /* callint.c in Sources */,
				3CED873E0FC0F581005ACB89 /* callproc.c in Sources */,
				3CED873F0FC0F581005ACB89 /* casefiddle.c in Sources */,
				3CED87400FC0F581005ACB89 /* casetab.c in Sources */,
				3CED87410FC0F581005ACB89 /* category.c in Sources */,
				3CED87420FC0F581005ACB89 /* ccl.c in Sources */,
				3CED87430FC0F581005ACB89 /* character.c in Sources */,
				3CED87440FC0F581005ACB89 /* charset.c in Sources */,
				3CED87450FC0F581005ACB89 /* chartab.c in Sources */,
				3CED87460FC0F581005ACB89 /* cm.c in Sources */,
				3CED87470FC0F581005ACB89 /* cmds.c in Sources */,
				3CED87480FC0F581005ACB89 /* coding.c in Sources */,
				3CED87490FC0F581005ACB89 /* composite.c in Sources */,
				3CED874A0FC0F581005ACB89 /* data.c in Sources */,
				3CED874B0FC0F581005ACB89 /* dired.c in Sources */,
				3CED874C0FC0F581005ACB89 /* dispnew.c in Sources */,
				3CED874D0FC0F581005ACB89 /* doc.c in Sources */,
				3CED874E0FC0F581005ACB89 /* doprnt.c in Sources */,
				3CED874F0FC0F581005ACB89 /* editfns.c in Sources */,
				3CED87500FC0F581005ACB89 /* emacs.c in Sources */,
				3CED87510FC0F581005ACB89 /* eval.c in Sources */,
				3CED87520FC0F581005ACB89 /* fileio.c in Sources */,
				3CED87530FC0F581005ACB89 /* filelock.c in Sources */,
				3CED87540FC0F581005ACB89 /* filemode.c in Sources */,
				3CED87550FC0F581005ACB89 /* floatfns.c in Sources */,
				3CED87560FC0F581005ACB89 /* fns.c in Sources */,
				3CED87570FC0F581005ACB89 /* font.c in Sources */,
				3CED87580FC0F581005ACB89 /* fontset.c in Sources */,
				3CED87590FC0F581005ACB89 /* frame.c in Sources */,
				3CED875A0FC0F581005ACB89 /* fringe.c in Sources */,
				3CED875B0FC0F581005ACB89 /* image.c in Sources */,
				3CED875C0FC0F581005ACB89 /* indent.c in Sources */,
				3CED875D0FC0F581005ACB89 /* insdel.c in Sources */,
				3CED875E0FC0F581005ACB89 /* intervals.c in Sources */,
				3CED875F0FC0F581005ACB89 /* keyboard.c in Sources */,
				3CED87600FC0F581005ACB89 /* keymap.c in Sources */,
				3CED87620FC0F581005ACB89 /* lread.c in Sources */,
				3CED87630FC0F581005ACB89 /* macros.c in Sources */,
				3CED87640FC0F581005ACB89 /* marker.c in Sources */,
				3CED87650FC0F581005ACB89 /* md5.c in Sources */,
				3C3AF9CA0FC10CDF001240E9 /* menu.c in Sources */,
				3CED87660FC0F581005ACB89 /* minibuf.c in Sources */,
				3CED87670FC0F581005ACB89 /* nsfns.m in Sources */,
				3CED87680FC0F581005ACB89 /* nsfont.m in Sources */,
				3CED87690FC0F581005ACB89 /* nsimage.m in Sources */,
				3CED876A0FC0F581005ACB89 /* nsmenu.m in Sources */,
				3CED876B0FC0F581005ACB89 /* nsselect.m in Sources */,
				3CED876C0FC0F581005ACB89 /* nsterm.m in Sources */,
				3CED876E0FC0F581005ACB89 /* print.c in Sources */,
				3CED876F0FC0F581005ACB89 /* process.c in Sources */,
				3CED87700FC0F581005ACB89 /* regex.c in Sources */,
				3CED87710FC0F581005ACB89 /* region-cache.c in Sources */,
				3CED87720FC0F581005ACB89 /* scroll.c in Sources */,
				3CED87730FC0F581005ACB89 /* search.c in Sources */,
				3CED87740FC0F581005ACB89 /* sound.c in Sources */,
				3CED87750FC0F581005ACB89 /* strftime.c in Sources */,
				3CED87760FC0F581005ACB89 /* syntax.c in Sources */,
				3CED87770FC0F581005ACB89 /* sysdep.c in Sources */,
				3CED87780FC0F581005ACB89 /* term.c in Sources */,
				3CED877A0FC0F581005ACB89 /* terminal.c in Sources */,
				3CED877B0FC0F581005ACB89 /* terminfo.c in Sources */,
				3CED877C0FC0F581005ACB89 /* textprop.c in Sources */,
				3CED877E0FC0F581005ACB89 /* undo.c in Sources */,
				3CED877F0FC0F581005ACB89 /* unexmacosx.c in Sources */,
				3CED87800FC0F581005ACB89 /* window.c in Sources */,
				3CED87810FC0F581005ACB89 /* xdisp.c in Sources */,
				3CED87820FC0F581005ACB89 /* xfaces.c in Sources */,
				3CED87610FC0F581005ACB89 /* lastfile.c in Sources */,
			);
			runOnlyForDeploymentPostprocessing = 0;
		};
/* End PBXSourcesBuildPhase section */

/* Begin PBXTargetDependency section */
		3CED88230FC0FE5C005ACB89 /* PBXTargetDependency */ = {
			isa = PBXTargetDependency;
			target = 3CED87320FC0F557005ACB89 /* temacs */;
			targetProxy = 3CED88220FC0FE5C005ACB89 /* PBXContainerItemProxy */;
		};
/* End PBXTargetDependency section */

/* Begin PBXVariantGroup section */
		3CB8E2A50E2CE856003F3104 /* InfoPlist.strings */ = {
			isa = PBXVariantGroup;
			children = (
				3CB8E2A60E2CE856003F3104 /* English */,
			);
			name = InfoPlist.strings;
			sourceTree = "<group>";
		};
/* End PBXVariantGroup section */

/* Begin XCBuildConfiguration section */
		3CA115980C825A540007AFC2 /* Development */ = {
			isa = XCBuildConfiguration;
			buildSettings = {
				PRODUCT_NAME = Emacs;
				WRAPPER_EXTENSION = app;
			};
			name = Development;
		};
		3CA115990C825A540007AFC2 /* Deployment */ = {
			isa = XCBuildConfiguration;
			buildSettings = {
				PRODUCT_NAME = Emacs;
				WRAPPER_EXTENSION = app;
			};
			name = Deployment;
		};
		3CA1159A0C825A540007AFC2 /* Default */ = {
			isa = XCBuildConfiguration;
			buildSettings = {
				PRODUCT_NAME = Emacs;
				WRAPPER_EXTENSION = app;
			};
			name = Default;
		};
		3CA1159C0C825A540007AFC2 /* Development */ = {
			isa = XCBuildConfiguration;
			buildSettings = {
				MACOSX_DEPLOYMENT_TARGET = "";
				SDKROOT = /Developer/SDKs/MacOSX10.4u.sdk;
			};
			name = Development;
		};
		3CA1159D0C825A540007AFC2 /* Deployment */ = {
			isa = XCBuildConfiguration;
			buildSettings = {
				MACOSX_DEPLOYMENT_TARGET = "";
				SDKROOT = /Developer/SDKs/MacOSX10.4u.sdk;
			};
			name = Deployment;
		};
		3CA1159E0C825A540007AFC2 /* Default */ = {
			isa = XCBuildConfiguration;
			buildSettings = {
				MACOSX_DEPLOYMENT_TARGET = "";
				SDKROOT = /Developer/SDKs/MacOSX10.4u.sdk;
			};
			name = Default;
		};
		3CED87360FC0F576005ACB89 /* Development */ = {
			isa = XCBuildConfiguration;
			buildSettings = {
				COPY_PHASE_STRIP = NO;
				GCC_DYNAMIC_NO_PIC = NO;
				GCC_ENABLE_FIX_AND_CONTINUE = NO;
				GCC_GENERATE_DEBUGGING_SYMBOLS = YES;
				GCC_MODEL_TUNING = G5;
				GCC_OPTIMIZATION_LEVEL = 0;
				GCC_PREPROCESSOR_DEFINITIONS = (
					emacs,
					temacs,
					HAVE_CONFIG_H,
				);
				OTHER_LDFLAGS = (
					"-Xlinker",
					"-headerpad",
					"-Xlinker",
					6C8,
				);
				PREBINDING = NO;
				PRODUCT_NAME = temacs;
				WARNING_CFLAGS = "-Wno-pointer-sign";
				ZERO_LINK = NO;
			};
			name = Development;
		};
		3CED87370FC0F576005ACB89 /* Deployment */ = {
			isa = XCBuildConfiguration;
			buildSettings = {
				COPY_PHASE_STRIP = YES;
				GCC_ENABLE_FIX_AND_CONTINUE = NO;
				GCC_GENERATE_DEBUGGING_SYMBOLS = NO;
				GCC_MODEL_TUNING = G5;
				GCC_PREPROCESSOR_DEFINITIONS = (
					emacs,
					temacs,
					HAVE_CONFIG_H,
				);
				OTHER_LDFLAGS = (
					"-Xlinker",
					"-headerpad",
					"-Xlinker",
					6C8,
				);
				PREBINDING = NO;
				PRODUCT_NAME = temacs;
				WARNING_CFLAGS = "-Wno-pointer-sign";
				ZERO_LINK = NO;
			};
			name = Deployment;
		};
		3CED87380FC0F576005ACB89 /* Default */ = {
			isa = XCBuildConfiguration;
			buildSettings = {
				GCC_ENABLE_FIX_AND_CONTINUE = YES;
				GCC_MODEL_TUNING = G5;
				GCC_PREPROCESSOR_DEFINITIONS = (
					emacs,
					temacs,
					HAVE_CONFIG_H,
				);
				OTHER_LDFLAGS = (
					"-Xlinker",
					"-headerpad",
					"-Xlinker",
					6C8,
				);
				PREBINDING = NO;
				PRODUCT_NAME = temacs;
				WARNING_CFLAGS = "-Wno-pointer-sign";
				ZERO_LINK = YES;
			};
			name = Default;
		};
/* End XCBuildConfiguration section */

/* Begin XCConfigurationList section */
		3CA115970C825A540007AFC2 /* Build configuration list for PBXNativeTarget "Emacs" */ = {
			isa = XCConfigurationList;
			buildConfigurations = (
				3CA115980C825A540007AFC2 /* Development */,
				3CA115990C825A540007AFC2 /* Deployment */,
				3CA1159A0C825A540007AFC2 /* Default */,
			);
			defaultConfigurationIsVisible = 0;
			defaultConfigurationName = Default;
		};
		3CA1159B0C825A540007AFC2 /* Build configuration list for PBXProject "Emacs" */ = {
			isa = XCConfigurationList;
			buildConfigurations = (
				3CA1159C0C825A540007AFC2 /* Development */,
				3CA1159D0C825A540007AFC2 /* Deployment */,
				3CA1159E0C825A540007AFC2 /* Default */,
			);
			defaultConfigurationIsVisible = 0;
			defaultConfigurationName = Default;
		};
		3CED87350FC0F576005ACB89 /* Build configuration list for PBXNativeTarget "temacs" */ = {
			isa = XCConfigurationList;
			buildConfigurations = (
				3CED87360FC0F576005ACB89 /* Development */,
				3CED87370FC0F576005ACB89 /* Deployment */,
				3CED87380FC0F576005ACB89 /* Default */,
			);
			defaultConfigurationIsVisible = 0;
			defaultConfigurationName = Default;
		};
/* End XCConfigurationList section */
	};
	rootObject = 29B97313FDCFA39411CA2CEA /* Project object */;
}
