[[package]]
name = "darling"
version = "0.2.0"
source = "registry+https://github.com/rust-lang/crates.io-index"
dependencies = [
 "darling_core 0.2.0 (registry+https://github.com/rust-lang/crates.io-index)",
 "darling_macro 0.2.0 (registry+https://github.com/rust-lang/crates.io-index)",
]

[[package]]
name = "darling_core"
version = "0.2.0"
source = "registry+https://github.com/rust-lang/crates.io-index"
dependencies = [
 "ident_case 1.0.0 (registry+https://github.com/rust-lang/crates.io-index)",
 "lazy_static 0.2.10 (registry+https://github.com/rust-lang/crates.io-index)",
 "quote 0.3.15 (registry+https://github.com/rust-lang/crates.io-index)",
 "syn 0.11.11 (registry+https://github.com/rust-lang/crates.io-index)",
]

[[package]]
name = "darling_macro"
version = "0.2.0"
source = "registry+https://github.com/rust-lang/crates.io-index"
dependencies = [
 "darling_core 0.2.0 (registry+https://github.com/rust-lang/crates.io-index)",
 "quote 0.3.15 (registry+https://github.com/rust-lang/crates.io-index)",
 "syn 0.11.11 (registry+https://github.com/rust-lang/crates.io-index)",
]

[[package]]
name = "ident_case"
version = "1.0.0"
source = "registry+https://github.com/rust-lang/crates.io-index"

[[package]]
name = "lazy_static"
version = "0.2.10"
source = "registry+https://github.com/rust-lang/crates.io-index"

[[package]]
name = "quote"
version = "0.3.15"
source = "registry+https://github.com/rust-lang/crates.io-index"

[[package]]
name = "remacs-macros"
version = "0.1.0"
dependencies = [
 "darling 0.2.0 (registry+https://github.com/rust-lang/crates.io-index)",
 "quote 0.3.15 (registry+https://github.com/rust-lang/crates.io-index)",
 "syn 0.11.11 (registry+https://github.com/rust-lang/crates.io-index)",
]

[[package]]
name = "syn"
version = "0.11.11"
source = "registry+https://github.com/rust-lang/crates.io-index"
dependencies = [
 "quote 0.3.15 (registry+https://github.com/rust-lang/crates.io-index)",
 "synom 0.11.3 (registry+https://github.com/rust-lang/crates.io-index)",
 "unicode-xid 0.0.4 (registry+https://github.com/rust-lang/crates.io-index)",
]

[[package]]
name = "synom"
version = "0.11.3"
source = "registry+https://github.com/rust-lang/crates.io-index"
dependencies = [
 "unicode-xid 0.0.4 (registry+https://github.com/rust-lang/crates.io-index)",
]

[[package]]
name = "unicode-xid"
version = "0.0.4"
source = "registry+https://github.com/rust-lang/crates.io-index"

[metadata]
"checksum darling 0.2.0 (registry+https://github.com/rust-lang/crates.io-index)" = "9861a8495606435477df581bc858ccf15a3469747edf175b94a4704fd9aaedac"
"checksum darling_core 0.2.0 (registry+https://github.com/rust-lang/crates.io-index)" = "1486a8b00b45062c997f767738178b43219133dd0c8c826cb811e60563810821"
"checksum darling_macro 0.2.0 (registry+https://github.com/rust-lang/crates.io-index)" = "8a86ec160aa0c3dd492dd4a14ec8104ad8f1a9400a820624db857998cc1f80f9"
"checksum ident_case 1.0.0 (registry+https://github.com/rust-lang/crates.io-index)" = "3c9826188e666f2ed92071d2dadef6edc430b11b158b5b2b3f4babbcc891eaaa"
"checksum lazy_static 0.2.10 (registry+https://github.com/rust-lang/crates.io-index)" = "236eb37a62591d4a41a89b7763d7de3e06ca02d5ab2815446a8bae5d2f8c2d57"
"checksum quote 0.3.15 (registry+https://github.com/rust-lang/crates.io-index)" = "7a6e920b65c65f10b2ae65c831a81a073a89edd28c7cce89475bff467ab4167a"
"checksum syn 0.11.11 (registry+https://github.com/rust-lang/crates.io-index)" = "d3b891b9015c88c576343b9b3e41c2c11a51c219ef067b264bd9c8aa9b441dad"
"checksum synom 0.11.3 (registry+https://github.com/rust-lang/crates.io-index)" = "a393066ed9010ebaed60b9eafa373d4b1baac186dd7e008555b0f702b51945b6"
"checksum unicode-xid 0.0.4 (registry+https://github.com/rust-lang/crates.io-index)" = "8c1f860d7d29cf02cb2f3f359fd35991af3d30bac52c57d265a3c461074cb4dc"
